# This file is automatically @generated by Cargo.
# It is not intended for manual editing.
version = 4

[[package]]
name = "cat"
version = "0.1.0"
dependencies = [
 "sap",
]

[[package]]
name = "sap"
version = "0.0.5"
source = "registry+https://github.com/rust-lang/crates.io-index"
checksum = "32391a1f97f8182ee05a73831e5084311a883b52b93d2d756c6949fd577b56c7"
